
Microsoft Visual Studio Solution File, Format Version 12.00
# Visual Studio Version 17
VisualStudioVersion = 17.14.36121.58 d17.14
MinimumVisualStudioVersion = 10.0.40219.1
Project("{FAE04EC0-301F-11D3-BF4B-00C04F79EFBC}") = "TestMoodleTest", "TestMoodleTest.csproj", "{EA868C71-F3CF-436E-A764-28D40EC2C5DC}"
EndProject
Global
	GlobalSection(SolutionConfigurationPlatforms) = preSolution
		Debug|Any CPU = Debug|Any CPU
		Release|Any CPU = Release|Any CPU
	EndGlobalSection
	GlobalSection(ProjectConfigurationPlatforms) = postSolution
		{EA868C71-F3CF-436E-A764-28D40EC2C5DC}.Debug|Any CPU.ActiveCfg = Debug|Any CPU
		{EA868C71-F3CF-436E-A764-28D40EC2C5DC}.Debug|Any CPU.Build.0 = Debug|Any CPU
		{EA868C71-F3CF-436E-A764-28D40EC2C5DC}.Release|Any CPU.ActiveCfg = Release|Any CPU
		{EA868C71-F3CF-436E-A764-28D40EC2C5DC}.Release|Any CPU.Build.0 = Release|Any CPU
	EndGlobalSection
	GlobalSection(SolutionProperties) = preSolution
		HideSolutionNode = FALSE
	EndGlobalSection
	GlobalSection(ExtensibilityGlobals) = postSolution
		SolutionGuid = {0A273061-6BF9-4D0D-B0D3-37E4B4343907}
	EndGlobalSection
EndGlobal
